PATH
  remote: .
  specs:
    sveda-ruby-sdk (0.5.1)
      rack (>= 2.2)

GEM
  remote: https://rubygems.org/
  specs:
    minitest (5.27.0)
    rack (3.2.7)
    rake (13.4.2)

PLATFORMS
  ruby
  x86_64-linux

DEPENDENCIES
  minitest (~> 5.25)
  rake (~> 13.2)
  sveda-ruby-sdk!

BUNDLED WITH
   2.5.22
